// !$*UTF8*$!
{
	archiveVersion = 1;
	classes = {
	};
	objectVersion = 46;
	objects = {

/* Begin PBXBuildFile section */
		898A6E801B76137200DF6A90 /* main.cpp in Sources */ = {isa = PBXBuildFile; fileRef = 898A6E7F1B76137200DF6A90 /* main.cpp */; };
		898A6E891B761ACC00DF6A90 /* HangmanSolver.cpp in Sources */ = {isa = PBXBuildFile; fileRef = 898A6E871B761ACC00DF6A90 /* HangmanSolver.cpp */; };
/* End PBXBuildFile section */

/* Begin PBXCopyFilesBuildPhase section */
		898A6E7A1B76137200DF6A90 /* CopyFiles */ = {
			isa = PBXCopyFilesBuildPhase;
			buildActionMask = 2147483647;
			dstPath = /usr/share/man/man1/;
			dstSubfolderSpec = 0;
			files = (
			);
			runOnlyForDeploymentPostprocessing = 1;
		};
/* End PBXCopyFilesBuildPhase section */

/* Begin PBXFileReference section */
		89327A211B81E66900BAAFD4 /* commonWords.txt */ = {isa = PBXFileReference; lastKnownFileType = text; path = commonWords.txt; sourceTree = "<group>"; };
		89327A221B81E66900BAAFD4 /* wordlist.txt */ = {isa = PBXFileReference; lastKnownFileType = text; path = wordlist.txt; sourceTree = "<group>"; };
		898A6E7C1B76137200DF6A90 /* Hangman Solver */ = {isa = PBXFileReference; explicitFileType = "compiled.mach-o.executable"; includeInIndex = 0; path = "Hangman Solver"; sourceTree = BUILT_PRODUCTS_DIR; };
		898A6E7F1B76137200DF6A90 /* main.cpp */ = {isa = PBXFileReference; lastKnownFileType = sourcecode.cpp.cpp; path = main.cpp; sourceTree = "<group>"; };
		898A6E871B761ACC00DF6A90 /* HangmanSolver.cpp */ = {isa = PBXFileReference; fileEncoding = 4; lastKnownFileType = sourcecode.cpp.cpp; path = HangmanSolver.cpp; sourceTree = "<group>"; };
		898A6E881B761ACC00DF6A90 /* HangmanSolver.h */ = {isa = PBXFileReference; fileEncoding = 4; lastKnownFileType = sourcecode.c.h; path = HangmanSolver.h; sourceTree = "<group>"; };
		89B0BC4F1B820BFF002FEA54 /* commonWordsOriginal.txt */ = {isa = PBXFileReference; lastKnownFileType = text; path = commonWordsOriginal.txt; sourceTree = "<group>"; };
/* End PBXFileReference section */

/* Begin PBXFrameworksBuildPhase section */
		898A6E791B76137200DF6A90 /* Frameworks */ = {
			isa = PBXFrameworksBuildPhase;
			buildActionMask = 2147483647;
			files = (
			);
			runOnlyForDeploymentPostprocessing = 0;
		};
/* End PBXFrameworksBuildPhase section */

/* Begin PBXGroup section */
		898A6E731B76137200DF6A90 = {
			isa = PBXGroup;
			children = (
				898A6E7E1B76137200DF6A90 /* Hangman Solver */,
				898A6E7D1B76137200DF6A90 /* Products */,
			);
			sourceTree = "<group>";
		};
		898A6E7D1B76137200DF6A90 /* Products */ = {
			isa = PBXGroup;
			children = (
				898A6E7C1B76137200DF6A90 /* Hangman Solver */,
			);
			name = Products;
			sourceTree = "<group>";
		};
		898A6E7E1B76137200DF6A90 /* Hangman Solver */ = {
			isa = PBXGroup;
			children = (
				898A6E881B761ACC00DF6A90 /* HangmanSolver.h */,
				898A6E871B761ACC00DF6A90 /* HangmanSolver.cpp */,
				898A6E7F1B76137200DF6A90 /* main.cpp */,
				89327A211B81E66900BAAFD4 /* commonWords.txt */,
				89B0BC4F1B820BFF002FEA54 /* commonWordsOriginal.txt */,
				89327A221B81E66900BAAFD4 /* wordlist.txt */,
			);
			path = "Hangman Solver";
			sourceTree = "<group>";
		};
/* End PBXGroup section */

/* Begin PBXNativeTarget section */
		898A6E7B1B76137200DF6A90 /* Hangman Solver */ = {
			isa = PBXNativeTarget;
			buildConfigurationList = 898A6E831B76137200DF6A90 /* Build configuration list for PBXNativeTarget "Hangman Solver" */;
			buildPhases = (
				898A6E781B76137200DF6A90 /* Sources */,
				898A6E791B76137200DF6A90 /* Frameworks */,
				898A6E7A1B76137200DF6A90 /* CopyFiles */,
			);
			buildRules = (
			);
			dependencies = (
			);
			name = "Hangman Solver";
			productName = "Hangman Solver";
			productReference = 898A6E7C1B76137200DF6A90 /* Hangman Solver */;
			productType = "com.apple.product-type.tool";
		};
/* End PBXNativeTarget section */

/* Begin PBXProject section */
		898A6E741B76137200DF6A90 /* Project object */ = {
			isa = PBXProject;
			attributes = {
				LastUpgradeCheck = 0640;
				ORGANIZATIONNAME = "Insi Productions";
				TargetAttributes = {
					898A6E7B1B76137200DF6A90 = {
						CreatedOnToolsVersion = 6.4;
					};
				};
			};
			buildConfigurationList = 898A6E771B76137200DF6A90 /* Build configuration list for PBXProject "Hangman Solver" */;
			compatibilityVersion = "Xcode 3.2";
			developmentRegion = English;
			hasScannedForEncodings = 0;
			knownRegions = (
				en,
			);
			mainGroup = 898A6E731B76137200DF6A90;
			productRefGroup = 898A6E7D1B76137200DF6A90 /* Products */;
			projectDirPath = "";
			projectRoot = "";
			targets = (
				898A6E7B1B76137200DF6A90 /* Hangman Solver */,
			);
		};
/* End PBXProject section */

/* Begin PBXSourcesBuildPhase section */
		898A6E781B76137200DF6A90 /* Sources */ = {
			isa = PBXSourcesBuildPhase;
			buildActionMask = 2147483647;
			files = (
				898A6E801B76137200DF6A90 /* main.cpp in Sources */,
				898A6E891B761ACC00DF6A90 /* HangmanSolver.cpp in Sources */,
			);
			runOnlyForDeploymentPostprocessing = 0;
		};
/* End PBXSourcesBuildPhase section */

/* Begin XCBuildConfiguration section */
		898A6E811B76137200DF6A90 /* Debug */ = {
			isa = XCBuildConfiguration;
			buildSettings = {
				ALWAYS_SEARCH_USER_PATHS = NO;
				CLANG_CXX_LANGUAGE_STANDARD = "gnu++0x";
				CLANG_CXX_LIBRARY = "libc++";
				CLANG_ENABLE_MODULES = YES;
				CLANG_ENABLE_OBJC_ARC = YES;
				CLANG_WARN_BOOL_CONVERSION = YES;
				CLANG_WARN_CONSTANT_CONVERSION = YES;
				CLANG_WARN_DIRECT_OBJC_ISA_USAGE = YES_ERROR;
				CLANG_WARN_EMPTY_BODY = YES;
				CLANG_WARN_ENUM_CONVERSION = YES;
				CLANG_WARN_INT_CONVERSION = YES;
				CLANG_WARN_OBJC_ROOT_CLASS = YES_ERROR;
				CLANG_WARN_UNREACHABLE_CODE = YES;
				CLANG_WARN__DUPLICATE_METHOD_MATCH = YES;
				COPY_PHASE_STRIP = NO;
				DEBUG_INFORMATION_FORMAT = dwarf;
				ENABLE_STRICT_OBJC_MSGSEND = YES;
				GCC_C_LANGUAGE_STANDARD = gnu99;
				GCC_DYNAMIC_NO_PIC = NO;
				GCC_NO_COMMON_BLOCKS = YES;
				GCC_OPTIMIZATION_LEVEL = 0;
				GCC_PREPROCESSOR_DEFINITIONS = (
					"DEBUG=1",
					"$(inherited)",
				);
				GCC_SYMBOLS_PRIVATE_EXTERN = NO;
				GCC_WARN_64_TO_32_BIT_CONVERSION = YES;
				GCC_WARN_ABOUT_RETURN_TYPE = YES_ERROR;
				GCC_WARN_UNDECLARED_SELECTOR = YES;
				GCC_WARN_UNINITIALIZED_AUTOS = YES_AGGRESSIVE;
				GCC_WARN_UNUSED_FUNCTION = YES;
				GCC_WARN_UNUSED_VARIABLE = YES;
				MACOSX_DEPLOYMENT_TARGET = 10.10;
				MTL_ENABLE_DEBUG_INFO = YES;
				ONLY_ACTIVE_ARCH = YES;
				SDKROOT = macosx;
			};
			name = Debug;
		};
		898A6E821B76137200DF6A90 /* Release */ = {
			isa = XCBuildConfiguration;
			buildSettings = {
				ALWAYS_SEARCH_USER_PATHS = NO;
				CLANG_CXX_LANGUAGE_STANDARD = "gnu++0x";
				CLANG_CXX_LIBRARY = "libc++";
				CLANG_ENABLE_MODULES = YES;
				CLANG_ENABLE_OBJC_ARC = YES;
				CLANG_WARN_BOOL_CONVERSION = YES;
				CLANG_WARN_CONSTANT_CONVERSION = YES;
				CLANG_WARN_DIRECT_OBJC_ISA_USAGE = YES_ERROR;
				CLANG_WARN_EMPTY_BODY = YES;
				CLANG_WARN_ENUM_CONVERSION = YES;
				CLANG_WARN_INT_CONVERSION = YES;
				CLANG_WARN_OBJC_ROOT_CLASS = YES_ERROR;
				CLANG_WARN_UNREACHABLE_CODE = YES;
				CLANG_WARN__DUPLICATE_METHOD_MATCH = YES;
				COPY_PHASE_STRIP = NO;
				DEBUG_INFORMATION_FORMAT = "dwarf-with-dsym";
				ENABLE_NS_ASSERTIONS = NO;
				ENABLE_STRICT_OBJC_MSGSEND = YES;
				GCC_C_LANGUAGE_STANDARD = gnu99;
				GCC_NO_COMMON_BLOCKS = YES;
				GCC_WARN_64_TO_32_BIT_CONVERSION = YES;
				GCC_WARN_ABOUT_RETURN_TYPE = YES_ERROR;
				GCC_WARN_UNDECLARED_SELECTOR = YES;
				GCC_WARN_UNINITIALIZED_AUTOS = YES_AGGRESSIVE;
				GCC_WARN_UNUSED_FUNCTION = YES;
				GCC_WARN_UNUSED_VARIABLE = YES;
				MACOSX_DEPLOYMENT_TARGET = 10.10;
				MTL_ENABLE_DEBUG_INFO = NO;
				SDKROOT = macosx;
			};
			name = Release;
		};
		898A6E841B76137200DF6A90 /* Debug */ = {
			isa = XCBuildConfiguration;
			buildSettings = {
				PRODUCT_NAME = "$(TARGET_NAME)";
			};
			name = Debug;
		};
		898A6E851B76137200DF6A90 /* Release */ = {
			isa = XCBuildConfiguration;
			buildSettings = {
				PRODUCT_NAME = "$(TARGET_NAME)";
			};
			name = Release;
		};
/* End XCBuildConfiguration section */

/* Begin XCConfigurationList section */
		898A6E771B76137200DF6A90 /* Build configuration list for PBXProject "Hangman Solver" */ = {
			isa = XCConfigurationList;
			buildConfigurations = (
				898A6E811B76137200DF6A90 /* Debug */,
				898A6E821B76137200DF6A90 /* Release */,
			);
			defaultConfigurationIsVisible = 0;
			defaultConfigurationName = Release;
		};
		898A6E831B76137200DF6A90 /* Build configuration list for PBXNativeTarget "Hangman Solver" */ = {
			isa = XCConfigurationList;
			buildConfigurations = (
				898A6E841B76137200DF6A90 /* Debug */,
				898A6E851B76137200DF6A90 /* Release */,
			);
			defaultConfigurationIsVisible = 0;
			defaultConfigurationName = Release;
		};
/* End XCConfigurationList section */
	};
	rootObject = 898A6E741B76137200DF6A90 /* Project object */;
}
